
Microsoft Visual Studio Solution File, Format Version 12.00
# Visual Studio 15
VisualStudioVersion = 15.0.28010.2048
MinimumVisualStudioVersion = 10.0.40219.1
Project("{9A19103F-16F7-4668-BE54-9A1E7A4F7556}") = "Runpath.PhotoAlbums.WebApp", "Runpath.PhotoAlbums.WebApp\Runpath.PhotoAlbums.WebApp.csproj", "{6F0621C7-B6E0-43D4-A459-E0071A9C2C0B}"
EndProject
Project("{FAE04EC0-301F-11D3-BF4B-00C04F79EFBC}") = "Runpath.PhotoAlbums.Core", "Runpath.PhotoAlbums.Core\Runpath.PhotoAlbums.Core.csproj", "{B6917BE0-4EB1-4244-B62B-E1FB4B0CAF9D}"
EndProject
Project("{FAE04EC0-301F-11D3-BF4B-00C04F79EFBC}") = "Runpath.PhotoAlbums.Core.UnitTests", "Runpath.PhotoAlbums.Core.UnitTests\Runpath.PhotoAlbums.Core.UnitTests.csproj", "{D9617DD9-5D6B-4850-BB55-71C4C8B2A436}"
EndProject
Global
	GlobalSection(SolutionConfigurationPlatforms) = preSolution
		Debug|Any CPU = Debug|Any CPU
		Release|Any CPU = Release|Any CPU
	EndGlobalSection
	GlobalSection(ProjectConfigurationPlatforms) = postSolution
		{6F0621C7-B6E0-43D4-A459-E0071A9C2C0B}.Debug|Any CPU.ActiveCfg = Debug|Any CPU
		{6F0621C7-B6E0-43D4-A459-E0071A9C2C0B}.Debug|Any CPU.Build.0 = Debug|Any CPU
		{6F0621C7-B6E0-43D4-A459-E0071A9C2C0B}.Release|Any CPU.ActiveCfg = Release|Any CPU
		{6F0621C7-B6E0-43D4-A459-E0071A9C2C0B}.Release|Any CPU.Build.0 = Release|Any CPU
		{B6917BE0-4EB1-4244-B62B-E1FB4B0CAF9D}.Debug|Any CPU.ActiveCfg = Debug|Any CPU
		{B6917BE0-4EB1-4244-B62B-E1FB4B0CAF9D}.Debug|Any CPU.Build.0 = Debug|Any CPU
		{B6917BE0-4EB1-4244-B62B-E1FB4B0CAF9D}.Release|Any CPU.ActiveCfg = Release|Any CPU
		{B6917BE0-4EB1-4244-B62B-E1FB4B0CAF9D}.Release|Any CPU.Build.0 = Release|Any CPU
		{D9617DD9-5D6B-4850-BB55-71C4C8B2A436}.Debug|Any CPU.ActiveCfg = Debug|Any CPU
		{D9617DD9-5D6B-4850-BB55-71C4C8B2A436}.Debug|Any CPU.Build.0 = Debug|Any CPU
		{D9617DD9-5D6B-4850-BB55-71C4C8B2A436}.Release|Any CPU.ActiveCfg = Release|Any CPU
		{D9617DD9-5D6B-4850-BB55-71C4C8B2A436}.Release|Any CPU.Build.0 = Release|Any CPU
	EndGlobalSection
	GlobalSection(SolutionProperties) = preSolution
		HideSolutionNode = FALSE
	EndGlobalSection
	GlobalSection(ExtensibilityGlobals) = postSolution
		SolutionGuid = {B6EC6B93-3411-4FBF-8896-752D4F7B04DF}
	EndGlobalSection
EndGlobal
